
Microsoft Visual Studio Solution File, Format Version 12.00
# Visual Studio 15
VisualStudioVersion = 15.0.28307.271
MinimumVisualStudioVersion = 10.0.40219.1
Project("{FAE04EC0-301F-11D3-BF4B-00C04F79EFBC}") = "AppvaFrontEnd", "AppvaFrontEnd\AppvaFrontEnd.csproj", "{12E835BF-D210-4904-A220-1834032A5198}"
EndProject
Global
	GlobalSection(SolutionConfigurationPlatforms) = preSolution
		Debug|Any CPU = Debug|Any CPU
		Release|Any CPU = Release|Any CPU
	EndGlobalSection
	GlobalSection(ProjectConfigurationPlatforms) = postSolution
		{12E835BF-D210-4904-A220-1834032A5198}.Debug|Any CPU.ActiveCfg = Debug|Any CPU
		{12E835BF-D210-4904-A220-1834032A5198}.Debug|Any CPU.Build.0 = Debug|Any CPU
		{12E835BF-D210-4904-A220-1834032A5198}.Release|Any CPU.ActiveCfg = Release|Any CPU
		{12E835BF-D210-4904-A220-1834032A5198}.Release|Any CPU.Build.0 = Release|Any CPU
	EndGlobalSection
	GlobalSection(SolutionProperties) = preSolution
		HideSolutionNode = FALSE
	EndGlobalSection
	GlobalSection(ExtensibilityGlobals) = postSolution
		SolutionGuid = {C3F051BE-5260-4A4C-A56E-A6F01B3ACE94}
	EndGlobalSection
EndGlobal
